
Microsoft Visual Studio Solution File, Format Version 12.00
# Visual Studio Version 17
VisualStudioVersion = 17.13.35825.156
MinimumVisualStudioVersion = 10.0.40219.1
Project("{FAE04EC0-301F-11D3-BF4B-00C04F79EFBC}") = "SD7501BulkyWeb", "BulkyWeb\SD7501BulkyWeb.csproj", "{B96BB58E-B16B-40FA-9548-837C7EB59C5C}"
EndProject
Project("{FAE04EC0-301F-11D3-BF4B-00C04F79EFBC}") = "SD7501Bulky.DataAccess", "SD7501Bulky.DataAccess\SD7501Bulky.DataAccess.csproj", "{8CED0EC4-782C-4CB0-A351-AFC23A94360A}"
EndProject
Project("{FAE04EC0-301F-11D3-BF4B-00C04F79EFBC}") = "SD7501Bulky.Models", "SD7501Bulky.Models\SD7501Bulky.Models.csproj", "{C8379505-32B4-4DC2-BC63-CF17F53614E0}"
EndProject
Project("{FAE04EC0-301F-11D3-BF4B-00C04F79EFBC}") = "SD7501Bulky.Utility", "SD7502Bulky.Utilities\SD7501Bulky.Utility.csproj", "{6DEC79C2-E519-40AF-8CF1-40E7326D5A08}"
EndProject
Global
	GlobalSection(SolutionConfigurationPlatforms) = preSolution
		Debug|Any CPU = Debug|Any CPU
		Release|Any CPU = Release|Any CPU
	EndGlobalSection
	GlobalSection(ProjectConfigurationPlatforms) = postSolution
		{B96BB58E-B16B-40FA-9548-837C7EB59C5C}.Debug|Any CPU.ActiveCfg = Debug|Any CPU
		{B96BB58E-B16B-40FA-9548-837C7EB59C5C}.Debug|Any CPU.Build.0 = Debug|Any CPU
		{B96BB58E-B16B-40FA-9548-837C7EB59C5C}.Release|Any CPU.ActiveCfg = Release|Any CPU
		{B96BB58E-B16B-40FA-9548-837C7EB59C5C}.Release|Any CPU.Build.0 = Release|Any CPU
		{8CED0EC4-782C-4CB0-A351-AFC23A94360A}.Debug|Any CPU.ActiveCfg = Debug|Any CPU
		{8CED0EC4-782C-4CB0-A351-AFC23A94360A}.Debug|Any CPU.Build.0 = Debug|Any CPU
		{8CED0EC4-782C-4CB0-A351-AFC23A94360A}.Release|Any CPU.ActiveCfg = Release|Any CPU
		{8CED0EC4-782C-4CB0-A351-AFC23A94360A}.Release|Any CPU.Build.0 = Release|Any CPU
		{C8379505-32B4-4DC2-BC63-CF17F53614E0}.Debug|Any CPU.ActiveCfg = Debug|Any CPU
		{C8379505-32B4-4DC2-BC63-CF17F53614E0}.Debug|Any CPU.Build.0 = Debug|Any CPU
		{C8379505-32B4-4DC2-BC63-CF17F53614E0}.Release|Any CPU.ActiveCfg = Release|Any CPU
		{C8379505-32B4-4DC2-BC63-CF17F53614E0}.Release|Any CPU.Build.0 = Release|Any CPU
		{6DEC79C2-E519-40AF-8CF1-40E7326D5A08}.Debug|Any CPU.ActiveCfg = Debug|Any CPU
		{6DEC79C2-E519-40AF-8CF1-40E7326D5A08}.Debug|Any CPU.Build.0 = Debug|Any CPU
		{6DEC79C2-E519-40AF-8CF1-40E7326D5A08}.Release|Any CPU.ActiveCfg = Release|Any CPU
		{6DEC79C2-E519-40AF-8CF1-40E7326D5A08}.Release|Any CPU.Build.0 = Release|Any CPU
	EndGlobalSection
	GlobalSection(SolutionProperties) = preSolution
		HideSolutionNode = FALSE
	EndGlobalSection
	GlobalSection(ExtensibilityGlobals) = postSolution
		SolutionGuid = {7085CE3B-5A1C-4942-8708-BEA189EBDA45}
	EndGlobalSection
EndGlobal
